
Microsoft Visual Studio Solution File, Format Version 12.00
# Visual Studio Version 17
VisualStudioVersion = 17.0.32126.317
MinimumVisualStudioVersion = 10.0.40219.1
Project("{2150E333-8FDC-42A3-9474-1A3956D46DE8}") = "Services", "Services", "{4B17BD9A-942A-4888-8389-E67F1BB8C647}"
EndProject
Project("{2150E333-8FDC-42A3-9474-1A3956D46DE8}") = "Catalog", "Catalog", "{8ED149B1-0D11-4BDA-A607-787518AB2F72}"
EndProject
Project("{FAE04EC0-301F-11D3-BF4B-00C04F79EFBC}") = "Catalog.API", "Services\Catalog\Catalog.API\Catalog.API.csproj", "{C5ED1EA8-98A4-403A-B6D6-A26436B03E67}"
EndProject
Global
	GlobalSection(SolutionConfigurationPlatforms) = preSolution
		Debug|Any CPU = Debug|Any CPU
		Release|Any CPU = Release|Any CPU
	EndGlobalSection
	GlobalSection(ProjectConfigurationPlatforms) = postSolution
		{C5ED1EA8-98A4-403A-B6D6-A26436B03E67}.Debug|Any CPU.ActiveCfg = Debug|Any CPU
		{C5ED1EA8-98A4-403A-B6D6-A26436B03E67}.Debug|Any CPU.Build.0 = Debug|Any CPU
		{C5ED1EA8-98A4-403A-B6D6-A26436B03E67}.Release|Any CPU.ActiveCfg = Release|Any CPU
		{C5ED1EA8-98A4-403A-B6D6-A26436B03E67}.Release|Any CPU.Build.0 = Release|Any CPU
	EndGlobalSection
	GlobalSection(SolutionProperties) = preSolution
		HideSolutionNode = FALSE
	EndGlobalSection
	GlobalSection(NestedProjects) = preSolution
		{8ED149B1-0D11-4BDA-A607-787518AB2F72} = {4B17BD9A-942A-4888-8389-E67F1BB8C647}
		{C5ED1EA8-98A4-403A-B6D6-A26436B03E67} = {8ED149B1-0D11-4BDA-A607-787518AB2F72}
	EndGlobalSection
	GlobalSection(ExtensibilityGlobals) = postSolution
		SolutionGuid = {51C97342-4D02-4DD2-8F09-9862C14D9A23}
	EndGlobalSection
EndGlobal
